
Microsoft Visual Studio Solution File, Format Version 12.00
# Visual Studio Version 17
VisualStudioVersion = 17.8.34330.188
MinimumVisualStudioVersion = 10.0.40219.1
Project("{2150E333-8FDC-42A3-9474-1A3956D46DE8}") = "App", "App", "{04A6C680-4B10-47FF-895A-2B1D4AD0EE88}"
EndProject
Project("{FAE04EC0-301F-11D3-BF4B-00C04F79EFBC}") = "API", "API\API.csproj", "{2E554BEC-0F0B-4E60-872F-F0EA02F5D40B}"
EndProject
Project("{FAE04EC0-301F-11D3-BF4B-00C04F79EFBC}") = "UI", "UI\UI.csproj", "{47360D83-A8D6-4B0E-B50F-E7762DD67E63}"
EndProject
Project("{2150E333-8FDC-42A3-9474-1A3956D46DE8}") = "Data", "Data", "{8A53EA4D-B408-454D-91E0-EAA3CB622E8C}"
EndProject
Project("{2150E333-8FDC-42A3-9474-1A3956D46DE8}") = "Repository", "Repository", "{7FF368CC-F7B4-4CB5-9006-79C7143D1CDB}"
EndProject
Project("{2150E333-8FDC-42A3-9474-1A3956D46DE8}") = "Service", "Service", "{1639138B-48EE-4052-9A98-42B3FC6C1D79}"
EndProject
Project("{FAE04EC0-301F-11D3-BF4B-00C04F79EFBC}") = "Repository", "Repository\Repository.csproj", "{A64F2A9A-22DF-4DCE-9B8E-BFBC50924D6A}"
EndProject
Project("{FAE04EC0-301F-11D3-BF4B-00C04F79EFBC}") = "Service", "Service\Service.csproj", "{DFBEDD14-0D39-4241-B846-6B41DC29AB13}"
EndProject
Project("{FAE04EC0-301F-11D3-BF4B-00C04F79EFBC}") = "Data", "DataAccess\Data.csproj", "{6839F869-A384-4443-A5CB-3A4D99A0B661}"
EndProject
Project("{FAE04EC0-301F-11D3-BF4B-00C04F79EFBC}") = "DTO", "DTO\DTO.csproj", "{5301E5CA-8153-4D91-B822-987E4509FB29}"
EndProject
Global
	GlobalSection(SolutionConfigurationPlatforms) = preSolution
		Debug|Any CPU = Debug|Any CPU
		Release|Any CPU = Release|Any CPU
	EndGlobalSection
	GlobalSection(ProjectConfigurationPlatforms) = postSolution
		{2E554BEC-0F0B-4E60-872F-F0EA02F5D40B}.Debug|Any CPU.ActiveCfg = Debug|Any CPU
		{2E554BEC-0F0B-4E60-872F-F0EA02F5D40B}.Debug|Any CPU.Build.0 = Debug|Any CPU
		{2E554BEC-0F0B-4E60-872F-F0EA02F5D40B}.Release|Any CPU.ActiveCfg = Release|Any CPU
		{2E554BEC-0F0B-4E60-872F-F0EA02F5D40B}.Release|Any CPU.Build.0 = Release|Any CPU
		{47360D83-A8D6-4B0E-B50F-E7762DD67E63}.Debug|Any CPU.ActiveCfg = Debug|Any CPU
		{47360D83-A8D6-4B0E-B50F-E7762DD67E63}.Debug|Any CPU.Build.0 = Debug|Any CPU
		{47360D83-A8D6-4B0E-B50F-E7762DD67E63}.Release|Any CPU.ActiveCfg = Release|Any CPU
		{47360D83-A8D6-4B0E-B50F-E7762DD67E63}.Release|Any CPU.Build.0 = Release|Any CPU
		{A64F2A9A-22DF-4DCE-9B8E-BFBC50924D6A}.Debug|Any CPU.ActiveCfg = Debug|Any CPU
		{A64F2A9A-22DF-4DCE-9B8E-BFBC50924D6A}.Debug|Any CPU.Build.0 = Debug|Any CPU
		{A64F2A9A-22DF-4DCE-9B8E-BFBC50924D6A}.Release|Any CPU.ActiveCfg = Release|Any CPU
		{A64F2A9A-22DF-4DCE-9B8E-BFBC50924D6A}.Release|Any CPU.Build.0 = Release|Any CPU
		{DFBEDD14-0D39-4241-B846-6B41DC29AB13}.Debug|Any CPU.ActiveCfg = Debug|Any CPU
		{DFBEDD14-0D39-4241-B846-6B41DC29AB13}.Debug|Any CPU.Build.0 = Debug|Any CPU
		{DFBEDD14-0D39-4241-B846-6B41DC29AB13}.Release|Any CPU.ActiveCfg = Release|Any CPU
		{DFBEDD14-0D39-4241-B846-6B41DC29AB13}.Release|Any CPU.Build.0 = Release|Any CPU
		{6839F869-A384-4443-A5CB-3A4D99A0B661}.Debug|Any CPU.ActiveCfg = Debug|Any CPU
		{6839F869-A384-4443-A5CB-3A4D99A0B661}.Debug|Any CPU.Build.0 = Debug|Any CPU
		{6839F869-A384-4443-A5CB-3A4D99A0B661}.Release|Any CPU.ActiveCfg = Release|Any CPU
		{6839F869-A384-4443-A5CB-3A4D99A0B661}.Release|Any CPU.Build.0 = Release|Any CPU
		{5301E5CA-8153-4D91-B822-987E4509FB29}.Debug|Any CPU.ActiveCfg = Debug|Any CPU
		{5301E5CA-8153-4D91-B822-987E4509FB29}.Debug|Any CPU.Build.0 = Debug|Any CPU
		{5301E5CA-8153-4D91-B822-987E4509FB29}.Release|Any CPU.ActiveCfg = Release|Any CPU
		{5301E5CA-8153-4D91-B822-987E4509FB29}.Release|Any CPU.Build.0 = Release|Any CPU
	EndGlobalSection
	GlobalSection(SolutionProperties) = preSolution
		HideSolutionNode = FALSE
	EndGlobalSection
	GlobalSection(NestedProjects) = preSolution
		{2E554BEC-0F0B-4E60-872F-F0EA02F5D40B} = {04A6C680-4B10-47FF-895A-2B1D4AD0EE88}
		{47360D83-A8D6-4B0E-B50F-E7762DD67E63} = {04A6C680-4B10-47FF-895A-2B1D4AD0EE88}
		{A64F2A9A-22DF-4DCE-9B8E-BFBC50924D6A} = {7FF368CC-F7B4-4CB5-9006-79C7143D1CDB}
		{DFBEDD14-0D39-4241-B846-6B41DC29AB13} = {1639138B-48EE-4052-9A98-42B3FC6C1D79}
		{6839F869-A384-4443-A5CB-3A4D99A0B661} = {8A53EA4D-B408-454D-91E0-EAA3CB622E8C}
		{5301E5CA-8153-4D91-B822-987E4509FB29} = {8A53EA4D-B408-454D-91E0-EAA3CB622E8C}
	EndGlobalSection
	GlobalSection(ExtensibilityGlobals) = postSolution
		SolutionGuid = {3D034D71-07A2-4E9B-8A2C-B361BE49821D}
	EndGlobalSection
EndGlobal
